
Microsoft Visual Studio Solution File, Format Version 12.00
# Visual Studio 15
VisualStudioVersion = 15.0.28307.421
MinimumVisualStudioVersion = 10.0.40219.1
Project("{2150E333-8FDC-42A3-9474-1A3956D46DE8}") = "tests", "tests", "{8927A44E-FE58-4BF2-9FB6-222C297C043C}"
EndProject
Project("{2150E333-8FDC-42A3-9474-1A3956D46DE8}") = "CI-config", "CI-config", "{DDC44A0A-6E1F-4757-8717-E2CB5230CCF8}"
	ProjectSection(SolutionItems) = preProject
		.travis.yml = .travis.yml
	EndProjectSection
EndProject
Project("{FAE04EC0-301F-11D3-BF4B-00C04F79EFBC}") = "Bundler", "Bundler\Bundler.csproj", "{117A13E0-7E78-4689-9F75-02379B817AC7}"
EndProject
Project("{FAE04EC0-301F-11D3-BF4B-00C04F79EFBC}") = "MarkdownToPDF", "MarkdownToPDF\MarkdownToPDF.csproj", "{5DDF975F-05D6-47D5-83C4-DFC15E601530}"
EndProject
Project("{9A19103F-16F7-4668-BE54-9A1E7A4F7556}") = "MarkdownToPDFTests", "tests\XUnit\MarkdownToPDFTests.csproj", "{9ABDFBAF-0DC3-4B65-B245-B6749F551CFA}"
EndProject
Project("{FAE04EC0-301F-11D3-BF4B-00C04F79EFBC}") = "Documenter", "Documenter\Documenter.csproj", "{B0E022B0-0A52-4BBE-B6FB-44B78003C510}"
EndProject
Project("{2150E333-8FDC-42A3-9474-1A3956D46DE8}") = "docs", "docs", "{CB7599D5-A71C-4B94-94B5-E970C5E9FE41}"
	ProjectSection(SolutionItems) = preProject
		README.md = README.md
	EndProjectSection
EndProject
Project("{FAE04EC0-301F-11D3-BF4B-00C04F79EFBC}") = "AddLicense", "AddLicense\AddLicense.csproj", "{ECE2BCD0-DDAF-4CD4-92FA-39609590E8BA}"
EndProject
Project("{9A19103F-16F7-4668-BE54-9A1E7A4F7556}") = "DocumenterTests", "tests\DocumenterTests\DocumenterTests.csproj", "{0815D8EB-CE01-40E4-B201-385F613BBF26}"
EndProject
Global
	GlobalSection(SolutionConfigurationPlatforms) = preSolution
		Debug|Any CPU = Debug|Any CPU
		Debug|x86 = Debug|x86
		Release|Any CPU = Release|Any CPU
		Release|x86 = Release|x86
	EndGlobalSection
	GlobalSection(ProjectConfigurationPlatforms) = postSolution
		{117A13E0-7E78-4689-9F75-02379B817AC7}.Debug|Any CPU.ActiveCfg = Debug|Any CPU
		{117A13E0-7E78-4689-9F75-02379B817AC7}.Debug|Any CPU.Build.0 = Debug|Any CPU
		{117A13E0-7E78-4689-9F75-02379B817AC7}.Debug|x86.ActiveCfg = Debug|Any CPU
		{117A13E0-7E78-4689-9F75-02379B817AC7}.Debug|x86.Build.0 = Debug|Any CPU
		{117A13E0-7E78-4689-9F75-02379B817AC7}.Release|Any CPU.ActiveCfg = Release|Any CPU
		{117A13E0-7E78-4689-9F75-02379B817AC7}.Release|Any CPU.Build.0 = Release|Any CPU
		{117A13E0-7E78-4689-9F75-02379B817AC7}.Release|x86.ActiveCfg = Release|Any CPU
		{117A13E0-7E78-4689-9F75-02379B817AC7}.Release|x86.Build.0 = Release|Any CPU
		{5DDF975F-05D6-47D5-83C4-DFC15E601530}.Debug|Any CPU.ActiveCfg = Debug|Any CPU
		{5DDF975F-05D6-47D5-83C4-DFC15E601530}.Debug|Any CPU.Build.0 = Debug|Any CPU
		{5DDF975F-05D6-47D5-83C4-DFC15E601530}.Debug|x86.ActiveCfg = Debug|Any CPU
		{5DDF975F-05D6-47D5-83C4-DFC15E601530}.Debug|x86.Build.0 = Debug|Any CPU
		{5DDF975F-05D6-47D5-83C4-DFC15E601530}.Release|Any CPU.ActiveCfg = Release|Any CPU
		{5DDF975F-05D6-47D5-83C4-DFC15E601530}.Release|Any CPU.Build.0 = Release|Any CPU
		{5DDF975F-05D6-47D5-83C4-DFC15E601530}.Release|x86.ActiveCfg = Release|Any CPU
		{5DDF975F-05D6-47D5-83C4-DFC15E601530}.Release|x86.Build.0 = Release|Any CPU
		{9ABDFBAF-0DC3-4B65-B245-B6749F551CFA}.Debug|Any CPU.ActiveCfg = Debug|Any CPU
		{9ABDFBAF-0DC3-4B65-B245-B6749F551CFA}.Debug|Any CPU.Build.0 = Debug|Any CPU
		{9ABDFBAF-0DC3-4B65-B245-B6749F551CFA}.Debug|x86.ActiveCfg = Debug|Any CPU
		{9ABDFBAF-0DC3-4B65-B245-B6749F551CFA}.Debug|x86.Build.0 = Debug|Any CPU
		{9ABDFBAF-0DC3-4B65-B245-B6749F551CFA}.Release|Any CPU.ActiveCfg = Release|Any CPU
		{9ABDFBAF-0DC3-4B65-B245-B6749F551CFA}.Release|Any CPU.Build.0 = Release|Any CPU
		{9ABDFBAF-0DC3-4B65-B245-B6749F551CFA}.Release|x86.ActiveCfg = Release|Any CPU
		{9ABDFBAF-0DC3-4B65-B245-B6749F551CFA}.Release|x86.Build.0 = Release|Any CPU
		{B0E022B0-0A52-4BBE-B6FB-44B78003C510}.Debug|Any CPU.ActiveCfg = Debug|Any CPU
		{B0E022B0-0A52-4BBE-B6FB-44B78003C510}.Debug|Any CPU.Build.0 = Debug|Any CPU
		{B0E022B0-0A52-4BBE-B6FB-44B78003C510}.Debug|x86.ActiveCfg = Debug|Any CPU
		{B0E022B0-0A52-4BBE-B6FB-44B78003C510}.Debug|x86.Build.0 = Debug|Any CPU
		{B0E022B0-0A52-4BBE-B6FB-44B78003C510}.Release|Any CPU.ActiveCfg = Release|Any CPU
		{B0E022B0-0A52-4BBE-B6FB-44B78003C510}.Release|Any CPU.Build.0 = Release|Any CPU
		{B0E022B0-0A52-4BBE-B6FB-44B78003C510}.Release|x86.ActiveCfg = Release|Any CPU
		{B0E022B0-0A52-4BBE-B6FB-44B78003C510}.Release|x86.Build.0 = Release|Any CPU
		{ECE2BCD0-DDAF-4CD4-92FA-39609590E8BA}.Debug|Any CPU.ActiveCfg = Debug|Any CPU
		{ECE2BCD0-DDAF-4CD4-92FA-39609590E8BA}.Debug|Any CPU.Build.0 = Debug|Any CPU
		{ECE2BCD0-DDAF-4CD4-92FA-39609590E8BA}.Debug|x86.ActiveCfg = Debug|Any CPU
		{ECE2BCD0-DDAF-4CD4-92FA-39609590E8BA}.Debug|x86.Build.0 = Debug|Any CPU
		{ECE2BCD0-DDAF-4CD4-92FA-39609590E8BA}.Release|Any CPU.ActiveCfg = Release|Any CPU
		{ECE2BCD0-DDAF-4CD4-92FA-39609590E8BA}.Release|Any CPU.Build.0 = Release|Any CPU
		{ECE2BCD0-DDAF-4CD4-92FA-39609590E8BA}.Release|x86.ActiveCfg = Release|Any CPU
		{ECE2BCD0-DDAF-4CD4-92FA-39609590E8BA}.Release|x86.Build.0 = Release|Any CPU
		{0815D8EB-CE01-40E4-B201-385F613BBF26}.Debug|Any CPU.ActiveCfg = Debug|Any CPU
		{0815D8EB-CE01-40E4-B201-385F613BBF26}.Debug|Any CPU.Build.0 = Debug|Any CPU
		{0815D8EB-CE01-40E4-B201-385F613BBF26}.Debug|x86.ActiveCfg = Debug|Any CPU
		{0815D8EB-CE01-40E4-B201-385F613BBF26}.Debug|x86.Build.0 = Debug|Any CPU
		{0815D8EB-CE01-40E4-B201-385F613BBF26}.Release|Any CPU.ActiveCfg = Release|Any CPU
		{0815D8EB-CE01-40E4-B201-385F613BBF26}.Release|Any CPU.Build.0 = Release|Any CPU
		{0815D8EB-CE01-40E4-B201-385F613BBF26}.Release|x86.ActiveCfg = Release|Any CPU
		{0815D8EB-CE01-40E4-B201-385F613BBF26}.Release|x86.Build.0 = Release|Any CPU
	EndGlobalSection
	GlobalSection(SolutionProperties) = preSolution
		HideSolutionNode = FALSE
	EndGlobalSection
	GlobalSection(NestedProjects) = preSolution
		{9ABDFBAF-0DC3-4B65-B245-B6749F551CFA} = {8927A44E-FE58-4BF2-9FB6-222C297C043C}
		{0815D8EB-CE01-40E4-B201-385F613BBF26} = {8927A44E-FE58-4BF2-9FB6-222C297C043C}
	EndGlobalSection
	GlobalSection(ExtensibilityGlobals) = postSolution
		SolutionGuid = {769A963A-E385-4445-842F-11E7A2D37287}
	EndGlobalSection
EndGlobal
