
Microsoft Visual Studio Solution File, Format Version 12.00
# Visual Studio 15
VisualStudioVersion = 15.0.28307.421
MinimumVisualStudioVersion = 10.0.40219.1
Project("{FAE04EC0-301F-11D3-BF4B-00C04F79EFBC}") = "GitHubWikiToPDF", "GitHubWikiToPDF\GitHubWikiToPDF.csproj", "{5DDF975F-05D6-47D5-83C4-DFC15E601530}"
EndProject
Project("{FAE04EC0-301F-11D3-BF4B-00C04F79EFBC}") = "Bundler", "Bundler\Bundler.csproj", "{117A13E0-7E78-4689-9F75-02379B817AC7}"
EndProject
Project("{2150E333-8FDC-42A3-9474-1A3956D46DE8}") = "tests", "tests", "{8927A44E-FE58-4BF2-9FB6-222C297C043C}"
EndProject
Project("{FAE04EC0-301F-11D3-BF4B-00C04F79EFBC}") = "ParsingTester", "tests\ParsingTester\ParsingTester.csproj", "{A611FDD5-C0E4-4AD6-A10F-63139FD2F07E}"
EndProject
Project("{2150E333-8FDC-42A3-9474-1A3956D46DE8}") = "Solution Items", "Solution Items", "{DDC44A0A-6E1F-4757-8717-E2CB5230CCF8}"
	ProjectSection(SolutionItems) = preProject
		.travis.yml = .travis.yml
	EndProjectSection
EndProject
Global
	GlobalSection(SolutionConfigurationPlatforms) = preSolution
		Debug|Any CPU = Debug|Any CPU
		Release|Any CPU = Release|Any CPU
	EndGlobalSection
	GlobalSection(ProjectConfigurationPlatforms) = postSolution
		{5DDF975F-05D6-47D5-83C4-DFC15E601530}.Debug|Any CPU.ActiveCfg = Debug|Any CPU
		{5DDF975F-05D6-47D5-83C4-DFC15E601530}.Debug|Any CPU.Build.0 = Debug|Any CPU
		{5DDF975F-05D6-47D5-83C4-DFC15E601530}.Release|Any CPU.ActiveCfg = Release|Any CPU
		{5DDF975F-05D6-47D5-83C4-DFC15E601530}.Release|Any CPU.Build.0 = Release|Any CPU
		{117A13E0-7E78-4689-9F75-02379B817AC7}.Debug|Any CPU.ActiveCfg = Debug|Any CPU
		{117A13E0-7E78-4689-9F75-02379B817AC7}.Debug|Any CPU.Build.0 = Debug|Any CPU
		{117A13E0-7E78-4689-9F75-02379B817AC7}.Release|Any CPU.ActiveCfg = Release|Any CPU
		{117A13E0-7E78-4689-9F75-02379B817AC7}.Release|Any CPU.Build.0 = Release|Any CPU
		{A611FDD5-C0E4-4AD6-A10F-63139FD2F07E}.Debug|Any CPU.ActiveCfg = Debug|Any CPU
		{A611FDD5-C0E4-4AD6-A10F-63139FD2F07E}.Debug|Any CPU.Build.0 = Debug|Any CPU
		{A611FDD5-C0E4-4AD6-A10F-63139FD2F07E}.Release|Any CPU.ActiveCfg = Release|Any CPU
		{A611FDD5-C0E4-4AD6-A10F-63139FD2F07E}.Release|Any CPU.Build.0 = Release|Any CPU
	EndGlobalSection
	GlobalSection(SolutionProperties) = preSolution
		HideSolutionNode = FALSE
	EndGlobalSection
	GlobalSection(NestedProjects) = preSolution
		{A611FDD5-C0E4-4AD6-A10F-63139FD2F07E} = {8927A44E-FE58-4BF2-9FB6-222C297C043C}
	EndGlobalSection
	GlobalSection(ExtensibilityGlobals) = postSolution
		SolutionGuid = {769A963A-E385-4445-842F-11E7A2D37287}
	EndGlobalSection
EndGlobal
